
Microsoft Visual Studio Solution File, Format Version 12.00
# Visual Studio Version 16
VisualStudioVersion = 16.0.30320.27
MinimumVisualStudioVersion = 10.0.40219.1
Project("{9A19103F-16F7-4668-BE54-9A1E7A4F7556}") = "BookListRazor", "BookListRazor.csproj", "{B3B735B9-6C33-4A14-9BF8-BDB5006E0F72}"
EndProject
Project("{FAE04EC0-301F-11D3-BF4B-00C04F79EFBC}") = "FunctionApp1", "..\src\FunctionApp1\FunctionApp1.csproj", "{6F38747D-F0BB-4206-BC1F-F5916FA65C59}"
EndProject
Global
	GlobalSection(SolutionConfigurationPlatforms) = preSolution
		Debug|Any CPU = Debug|Any CPU
		Release|Any CPU = Release|Any CPU
	EndGlobalSection
	GlobalSection(ProjectConfigurationPlatforms) = postSolution
		{B3B735B9-6C33-4A14-9BF8-BDB5006E0F72}.Debug|Any CPU.ActiveCfg = Debug|Any CPU
		{B3B735B9-6C33-4A14-9BF8-BDB5006E0F72}.Debug|Any CPU.Build.0 = Debug|Any CPU
		{B3B735B9-6C33-4A14-9BF8-BDB5006E0F72}.Release|Any CPU.ActiveCfg = Release|Any CPU
		{B3B735B9-6C33-4A14-9BF8-BDB5006E0F72}.Release|Any CPU.Build.0 = Release|Any CPU
		{6F38747D-F0BB-4206-BC1F-F5916FA65C59}.Debug|Any CPU.ActiveCfg = Debug|Any CPU
		{6F38747D-F0BB-4206-BC1F-F5916FA65C59}.Debug|Any CPU.Build.0 = Debug|Any CPU
		{6F38747D-F0BB-4206-BC1F-F5916FA65C59}.Release|Any CPU.ActiveCfg = Release|Any CPU
		{6F38747D-F0BB-4206-BC1F-F5916FA65C59}.Release|Any CPU.Build.0 = Release|Any CPU
	EndGlobalSection
	GlobalSection(SolutionProperties) = preSolution
		HideSolutionNode = FALSE
	EndGlobalSection
	GlobalSection(ExtensibilityGlobals) = postSolution
		SolutionGuid = {2F40634F-ADA8-4E4F-9731-F1CBE9D808F7}
	EndGlobalSection
EndGlobal
